
Microsoft Visual Studio Solution File, Format Version 12.00
# Visual Studio Version 17
VisualStudioVersion = 17.10.34928.147
MinimumVisualStudioVersion = 10.0.40219.1
Project("{FAE04EC0-301F-11D3-BF4B-00C04F79EFBC}") = "OtterCMSDotNet", "OtterCMSDotNet.csproj", "{59DC6F4F-D44C-43B1-B6F8-C6F38F5AB88E}"
EndProject
Global
	GlobalSection(SolutionConfigurationPlatforms) = preSolution
		Debug|Any CPU = Debug|Any CPU
		Release|Any CPU = Release|Any CPU
	EndGlobalSection
	GlobalSection(ProjectConfigurationPlatforms) = postSolution
		{59DC6F4F-D44C-43B1-B6F8-C6F38F5AB88E}.Debug|Any CPU.ActiveCfg = Debug|Any CPU
		{59DC6F4F-D44C-43B1-B6F8-C6F38F5AB88E}.Debug|Any CPU.Build.0 = Debug|Any CPU
		{59DC6F4F-D44C-43B1-B6F8-C6F38F5AB88E}.Release|Any CPU.ActiveCfg = Release|Any CPU
		{59DC6F4F-D44C-43B1-B6F8-C6F38F5AB88E}.Release|Any CPU.Build.0 = Release|Any CPU
	EndGlobalSection
	GlobalSection(SolutionProperties) = preSolution
		HideSolutionNode = FALSE
	EndGlobalSection
	GlobalSection(ExtensibilityGlobals) = postSolution
		SolutionGuid = {B01352D7-C5E8-42DB-85E9-6A61AF19074A}
	EndGlobalSection
EndGlobal
